
Microsoft Visual Studio Solution File, Format Version 12.00
# Visual Studio Version 17
VisualStudioVersion = 17.4.33205.214
MinimumVisualStudioVersion = 10.0.40219.1
Project("{FAE04EC0-301F-11D3-BF4B-00C04F79EFBC}") = "Constructors", "Constructors\Constructors.csproj", "{6A088FC6-16CA-4A93-883A-1782AE99424F}"
EndProject
Global
	GlobalSection(SolutionConfigurationPlatforms) = preSolution
		Debug|Any CPU = Debug|Any CPU
		Release|Any CPU = Release|Any CPU
	EndGlobalSection
	GlobalSection(ProjectConfigurationPlatforms) = postSolution
		{6A088FC6-16CA-4A93-883A-1782AE99424F}.Debug|Any CPU.ActiveCfg = Debug|Any CPU
		{6A088FC6-16CA-4A93-883A-1782AE99424F}.Debug|Any CPU.Build.0 = Debug|Any CPU
		{6A088FC6-16CA-4A93-883A-1782AE99424F}.Release|Any CPU.ActiveCfg = Release|Any CPU
		{6A088FC6-16CA-4A93-883A-1782AE99424F}.Release|Any CPU.Build.0 = Release|Any CPU
	EndGlobalSection
	GlobalSection(SolutionProperties) = preSolution
		HideSolutionNode = FALSE
	EndGlobalSection
	GlobalSection(ExtensibilityGlobals) = postSolution
		SolutionGuid = {2414F586-FF1A-45FB-9A7E-F95A620B0B3A}
	EndGlobalSection
EndGlobal
